
Microsoft Visual Studio Solution File, Format Version 12.00
# Visual Studio Version 17
VisualStudioVersion = 17.0.32112.339
MinimumVisualStudioVersion = 10.0.40219.1
Project("{FAE04EC0-301F-11D3-BF4B-00C04F79EFBC}") = "Alex.Api", "Alex.Api.csproj", "{5C3D3DE0-C7FF-4CD9-8A43-32A55523D8BE}"
EndProject
Global
	GlobalSection(SolutionConfigurationPlatforms) = preSolution
		Debug|Any CPU = Debug|Any CPU
		Release|Any CPU = Release|Any CPU
	EndGlobalSection
	GlobalSection(ProjectConfigurationPlatforms) = postSolution
		{5C3D3DE0-C7FF-4CD9-8A43-32A55523D8BE}.Debug|Any CPU.ActiveCfg = Debug|Any CPU
		{5C3D3DE0-C7FF-4CD9-8A43-32A55523D8BE}.Debug|Any CPU.Build.0 = Debug|Any CPU
		{5C3D3DE0-C7FF-4CD9-8A43-32A55523D8BE}.Release|Any CPU.ActiveCfg = Release|Any CPU
		{5C3D3DE0-C7FF-4CD9-8A43-32A55523D8BE}.Release|Any CPU.Build.0 = Release|Any CPU
	EndGlobalSection
	GlobalSection(SolutionProperties) = preSolution
		HideSolutionNode = FALSE
	EndGlobalSection
	GlobalSection(ExtensibilityGlobals) = postSolution
		SolutionGuid = {E2658DC6-FC42-439B-BCD4-C9328168BDDF}
	EndGlobalSection
EndGlobal
